{
  "version": "v1",
  "packages": {
    "vue-component-library": {
      "signature": "42fca3c94ad5ab723d9c8c3339f0fa0c",
      "file": true
    },
    "maven-vue-component-library": {
      "signature": "b8749650c4c70df264b8c3fa0f55938e",
      "file": true
    },
    "maven-vue-lib": {
      "signature": "c5cc917072e702675885ce5cfc3b3c08",
      "file": true
    }
  }
}